
Microsoft Visual Studio Solution File, Format Version 12.00
# Visual Studio 15
VisualStudioVersion = 15.0.27428.2015
MinimumVisualStudioVersion = 10.0.40219.1
Project("{FAE04EC0-301F-11D3-BF4B-00C04F79EFBC}") = "ProjectManager", "ProjectManager\ProjectManager.csproj", "{49FF90C2-E549-4F75-B232-6A47D99EFFF2}"
EndProject
Project("{FAE04EC0-301F-11D3-BF4B-00C04F79EFBC}") = "VSProjectManager", "VSProjectManager\VSProjectManager.csproj", "{BC552E36-0585-45F0-A619-05C8A0738126}"
EndProject
Global
	GlobalSection(SolutionConfigurationPlatforms) = preSolution
		Debug|Any CPU = Debug|Any CPU
		Release|Any CPU = Release|Any CPU
	EndGlobalSection
	GlobalSection(ProjectConfigurationPlatforms) = postSolution
		{49FF90C2-E549-4F75-B232-6A47D99EFFF2}.Debug|Any CPU.ActiveCfg = Debug|Any CPU
		{49FF90C2-E549-4F75-B232-6A47D99EFFF2}.Debug|Any CPU.Build.0 = Debug|Any CPU
		{49FF90C2-E549-4F75-B232-6A47D99EFFF2}.Release|Any CPU.ActiveCfg = Release|Any CPU
		{49FF90C2-E549-4F75-B232-6A47D99EFFF2}.Release|Any CPU.Build.0 = Release|Any CPU
		{BC552E36-0585-45F0-A619-05C8A0738126}.Debug|Any CPU.ActiveCfg = Debug|Any CPU
		{BC552E36-0585-45F0-A619-05C8A0738126}.Debug|Any CPU.Build.0 = Debug|Any CPU
		{BC552E36-0585-45F0-A619-05C8A0738126}.Release|Any CPU.ActiveCfg = Release|Any CPU
		{BC552E36-0585-45F0-A619-05C8A0738126}.Release|Any CPU.Build.0 = Release|Any CPU
	EndGlobalSection
	GlobalSection(SolutionProperties) = preSolution
		HideSolutionNode = FALSE
	EndGlobalSection
	GlobalSection(ExtensibilityGlobals) = postSolution
		SolutionGuid = {82E95285-26CD-4DA1-A4C5-A4EFE5EB4C5D}
	EndGlobalSection
EndGlobal
